// !$*UTF8*$!
{
	archiveVersion = 1;
	classes = {
	};
	objectVersion = 50;
	objects = {

/* Begin PBXBuildFile section */
		F4E8669621E69996001069DE /* AppDelegate.swift in Sources */ = {isa = PBXBuildFile; fileRef = F4E8669521E69996001069DE /* AppDelegate.swift */; };
		F4E8669821E69996001069DE /* ListTableViewController.swift in Sources */ = {isa = PBXBuildFile; fileRef = F4E8669721E69996001069DE /* ListTableViewController.swift */; };
		F4E8669B21E69996001069DE /* Main.storyboard in Resources */ = {isa = PBXBuildFile; fileRef = F4E8669921E69996001069DE /* Main.storyboard */; };
		F4E8669D21E69997001069DE /* Assets.xcassets in Resources */ = {isa = PBXBuildFile; fileRef = F4E8669C21E69997001069DE /* Assets.xcassets */; };
		F4E866A021E69997001069DE /* LaunchScreen.storyboard in Resources */ = {isa = PBXBuildFile; fileRef = F4E8669E21E69997001069DE /* LaunchScreen.storyboard */; };
		F4E866AB21E6A716001069DE /* ParallaxCell.swift in Sources */ = {isa = PBXBuildFile; fileRef = F4E866AA21E6A716001069DE /* ParallaxCell.swift */; };
		F4E866AD21E6AEC2001069DE /* images+names.swift in Sources */ = {isa = PBXBuildFile; fileRef = F4E866AC21E6AEC2001069DE /* images+names.swift */; };
/* End PBXBuildFile section */

/* Begin PBXFileReference section */
		F4E8669221E69996001069DE /* accelerometron.app */ = {isa = PBXFileReference; explicitFileType = wrapper.application; includeInIndex = 0; path = accelerometron.app; sourceTree = BUILT_PRODUCTS_DIR; };
		F4E8669521E69996001069DE /* AppDelegate.swift */ = {isa = PBXFileReference; lastKnownFileType = sourcecode.swift; path = AppDelegate.swift; sourceTree = "<group>"; };
		F4E8669721E69996001069DE /* ListTableViewController.swift */ = {isa = PBXFileReference; lastKnownFileType = sourcecode.swift; path = ListTableViewController.swift; sourceTree = "<group>"; };
		F4E8669A21E69996001069DE /* Base */ = {isa = PBXFileReference; lastKnownFileType = file.storyboard; name = Base; path = Base.lproj/Main.storyboard; sourceTree = "<group>"; };
		F4E8669C21E69997001069DE /* Assets.xcassets */ = {isa = PBXFileReference; lastKnownFileType = folder.assetcatalog; path = Assets.xcassets; sourceTree = "<group>"; };
		F4E8669F21E69997001069DE /* Base */ = {isa = PBXFileReference; lastKnownFileType = file.storyboard; name = Base; path = Base.lproj/LaunchScreen.storyboard; sourceTree = "<group>"; };
		F4E866A121E69997001069DE /* Info.plist */ = {isa = PBXFileReference; lastKnownFileType = text.plist.xml; path = Info.plist; sourceTree = "<group>"; };
		F4E866AA21E6A716001069DE /* ParallaxCell.swift */ = {isa = PBXFileReference; lastKnownFileType = sourcecode.swift; path = ParallaxCell.swift; sourceTree = "<group>"; };
		F4E866AC21E6AEC2001069DE /* images+names.swift */ = {isa = PBXFileReference; lastKnownFileType = sourcecode.swift; path = "images+names.swift"; sourceTree = "<group>"; };
/* End PBXFileReference section */

/* Begin PBXFrameworksBuildPhase section */
		F4E8668F21E69996001069DE /* Frameworks */ = {
			isa = PBXFrameworksBuildPhase;
			buildActionMask = 2147483647;
			files = (
			);
			runOnlyForDeploymentPostprocessing = 0;
		};
/* End PBXFrameworksBuildPhase section */

/* Begin PBXGroup section */
		F4E8668921E69996001069DE = {
			isa = PBXGroup;
			children = (
				F4E8669421E69996001069DE /* accelerometron */,
				F4E8669321E69996001069DE /* Products */,
			);
			sourceTree = "<group>";
		};
		F4E8669321E69996001069DE /* Products */ = {
			isa = PBXGroup;
			children = (
				F4E8669221E69996001069DE /* accelerometron.app */,
			);
			name = Products;
			sourceTree = "<group>";
		};
		F4E8669421E69996001069DE /* accelerometron */ = {
			isa = PBXGroup;
			children = (
				F4E866A921E6A6CE001069DE /* View */,
				F4E866A821E6A6C8001069DE /* Model */,
				F4E866A721E6A6BE001069DE /* Controller */,
				F4E8669521E69996001069DE /* AppDelegate.swift */,
				F4E8669921E69996001069DE /* Main.storyboard */,
				F4E8669C21E69997001069DE /* Assets.xcassets */,
				F4E8669E21E69997001069DE /* LaunchScreen.storyboard */,
				F4E866A121E69997001069DE /* Info.plist */,
				F4E866AC21E6AEC2001069DE /* images+names.swift */,
			);
			path = accelerometron;
			sourceTree = "<group>";
		};
		F4E866A721E6A6BE001069DE /* Controller */ = {
			isa = PBXGroup;
			children = (
				F4E8669721E69996001069DE /* ListTableViewController.swift */,
			);
			path = Controller;
			sourceTree = "<group>";
		};
		F4E866A821E6A6C8001069DE /* Model */ = {
			isa = PBXGroup;
			children = (
			);
			path = Model;
			sourceTree = "<group>";
		};
		F4E866A921E6A6CE001069DE /* View */ = {
			isa = PBXGroup;
			children = (
				F4E866AA21E6A716001069DE /* ParallaxCell.swift */,
			);
			path = View;
			sourceTree = "<group>";
		};
/* End PBXGroup section */

/* Begin PBXNativeTarget section */
		F4E8669121E69996001069DE /* accelerometron */ = {
			isa = PBXNativeTarget;
			buildConfigurationList = F4E866A421E69997001069DE /* Build configuration list for PBXNativeTarget "accelerometron" */;
			buildPhases = (
				F4E8668E21E69996001069DE /* Sources */,
				F4E8668F21E69996001069DE /* Frameworks */,
				F4E8669021E69996001069DE /* Resources */,
			);
			buildRules = (
			);
			dependencies = (
			);
			name = accelerometron;
			productName = accelerometron;
			productReference = F4E8669221E69996001069DE /* accelerometron.app */;
			productType = "com.apple.product-type.application";
		};
/* End PBXNativeTarget section */

/* Begin PBXProject section */
		F4E8668A21E69996001069DE /* Project object */ = {
			isa = PBXProject;
			attributes = {
				LastSwiftUpdateCheck = 1010;
				LastUpgradeCheck = 1010;
				ORGANIZATIONNAME = "Simon Lovelock";
				TargetAttributes = {
					F4E8669121E69996001069DE = {
						CreatedOnToolsVersion = 10.1;
					};
				};
			};
			buildConfigurationList = F4E8668D21E69996001069DE /* Build configuration list for PBXProject "accelerometron" */;
			compatibilityVersion = "Xcode 9.3";
			developmentRegion = en;
			hasScannedForEncodings = 0;
			knownRegions = (
				en,
				Base,
			);
			mainGroup = F4E8668921E69996001069DE;
			productRefGroup = F4E8669321E69996001069DE /* Products */;
			projectDirPath = "";
			projectRoot = "";
			targets = (
				F4E8669121E69996001069DE /* accelerometron */,
			);
		};
/* End PBXProject section */

/* Begin PBXResourcesBuildPhase section */
		F4E8669021E69996001069DE /* Resources */ = {
			isa = PBXResourcesBuildPhase;
			buildActionMask = 2147483647;
			files = (
				F4E866A021E69997001069DE /* LaunchScreen.storyboard in Resources */,
				F4E8669D21E69997001069DE /* Assets.xcassets in Resources */,
				F4E8669B21E69996001069DE /* Main.storyboard in Resources */,
			);
			runOnlyForDeploymentPostprocessing = 0;
		};
/* End PBXResourcesBuildPhase section */

/* Begin PBXSourcesBuildPhase section */
		F4E8668E21E69996001069DE /* Sources */ = {
			isa = PBXSourcesBuildPhase;
			buildActionMask = 2147483647;
			files = (
				F4E866AB21E6A716001069DE /* ParallaxCell.swift in Sources */,
				F4E8669821E69996001069DE /* ListTableViewController.swift in Sources */,
				F4E866AD21E6AEC2001069DE /* images+names.swift in Sources */,
				F4E8669621E69996001069DE /* AppDelegate.swift in Sources */,
			);
			runOnlyForDeploymentPostprocessing = 0;
		};
/* End PBXSourcesBuildPhase section */

/* Begin PBXVariantGroup section */
		F4E8669921E69996001069DE /* Main.storyboard */ = {
			isa = PBXVariantGroup;
			children = (
				F4E8669A21E69996001069DE /* Base */,
			);
			name = Main.storyboard;
			sourceTree = "<group>";
		};
		F4E8669E21E69997001069DE /* LaunchScreen.storyboard */ = {
			isa = PBXVariantGroup;
			children = (
				F4E8669F21E69997001069DE /* Base */,
			);
			name = LaunchScreen.storyboard;
			sourceTree = "<group>";
		};
/* End PBXVariantGroup section */

/* Begin XCBuildConfiguration section */
		F4E866A221E69997001069DE /* Debug */ = {
			isa = XCBuildConfiguration;
			buildSettings = {
				ALWAYS_SEARCH_USER_PATHS = NO;
				CLANG_ANALYZER_NONNULL = YES;
				CLANG_ANALYZER_NUMBER_OBJECT_CONVERSION = YES_AGGRESSIVE;
				CLANG_CXX_LANGUAGE_STANDARD = "gnu++14";
				CLANG_CXX_LIBRARY = "libc++";
				CLANG_ENABLE_MODULES = YES;
				CLANG_ENABLE_OBJC_ARC = YES;
				CLANG_ENABLE_OBJC_WEAK = YES;
				CLANG_WARN_BLOCK_CAPTURE_AUTORELEASING = YES;
				CLANG_WARN_BOOL_CONVERSION = YES;
				CLANG_WARN_COMMA = YES;
				CLANG_WARN_CONSTANT_CONVERSION = YES;
				CLANG_WARN_DEPRECATED_OBJC_IMPLEMENTATIONS = YES;
				CLANG_WARN_DIRECT_OBJC_ISA_USAGE = YES_ERROR;
				CLANG_WARN_DOCUMENTATION_COMMENTS = YES;
				CLANG_WARN_EMPTY_BODY = YES;
				CLANG_WARN_ENUM_CONVERSION = YES;
				CLANG_WARN_INFINITE_RECURSION = YES;
				CLANG_WARN_INT_CONVERSION = YES;
				CLANG_WARN_NON_LITERAL_NULL_CONVERSION = YES;
				CLANG_WARN_OBJC_IMPLICIT_RETAIN_SELF = YES;
				CLANG_WARN_OBJC_LITERAL_CONVERSION = YES;
				CLANG_WARN_OBJC_ROOT_CLASS = YES_ERROR;
				CLANG_WARN_RANGE_LOOP_ANALYSIS = YES;
				CLANG_WARN_STRICT_PROTOTYPES = YES;
				CLANG_WARN_SUSPICIOUS_MOVE = YES;
				CLANG_WARN_UNGUARDED_AVAILABILITY = YES_AGGRESSIVE;
				CLANG_WARN_UNREACHABLE_CODE = YES;
				CLANG_WARN__DUPLICATE_METHOD_MATCH = YES;
				CODE_SIGN_IDENTITY = "iPhone Developer";
				COPY_PHASE_STRIP = NO;
				DEBUG_INFORMATION_FORMAT = dwarf;
				ENABLE_STRICT_OBJC_MSGSEND = YES;
				ENABLE_TESTABILITY = YES;
				GCC_C_LANGUAGE_STANDARD = gnu11;
				GCC_DYNAMIC_NO_PIC = NO;
				GCC_NO_COMMON_BLOCKS = YES;
				GCC_OPTIMIZATION_LEVEL = 0;
				GCC_PREPROCESSOR_DEFINITIONS = (
					"DEBUG=1",
					"$(inherited)",
				);
				GCC_WARN_64_TO_32_BIT_CONVERSION = YES;
				GCC_WARN_ABOUT_RETURN_TYPE = YES_ERROR;
				GCC_WARN_UNDECLARED_SELECTOR = YES;
				GCC_WARN_UNINITIALIZED_AUTOS = YES_AGGRESSIVE;
				GCC_WARN_UNUSED_FUNCTION = YES;
				GCC_WARN_UNUSED_VARIABLE = YES;
				IPHONEOS_DEPLOYMENT_TARGET = 12.1;
				MTL_ENABLE_DEBUG_INFO = INCLUDE_SOURCE;
				MTL_FAST_MATH = YES;
				ONLY_ACTIVE_ARCH = YES;
				SDKROOT = iphoneos;
				SWIFT_ACTIVE_COMPILATION_CONDITIONS = DEBUG;
				SWIFT_OPTIMIZATION_LEVEL = "-Onone";
			};
			name = Debug;
		};
		F4E866A321E69997001069DE /* Release */ = {
			isa = XCBuildConfiguration;
			buildSettings = {
				ALWAYS_SEARCH_USER_PATHS = NO;
				CLANG_ANALYZER_NONNULL = YES;
				CLANG_ANALYZER_NUMBER_OBJECT_CONVERSION = YES_AGGRESSIVE;
				CLANG_CXX_LANGUAGE_STANDARD = "gnu++14";
				CLANG_CXX_LIBRARY = "libc++";
				CLANG_ENABLE_MODULES = YES;
				CLANG_ENABLE_OBJC_ARC = YES;
				CLANG_ENABLE_OBJC_WEAK = YES;
				CLANG_WARN_BLOCK_CAPTURE_AUTORELEASING = YES;
				CLANG_WARN_BOOL_CONVERSION = YES;
				CLANG_WARN_COMMA = YES;
				CLANG_WARN_CONSTANT_CONVERSION = YES;
				CLANG_WARN_DEPRECATED_OBJC_IMPLEMENTATIONS = YES;
				CLANG_WARN_DIRECT_OBJC_ISA_USAGE = YES_ERROR;
				CLANG_WARN_DOCUMENTATION_COMMENTS = YES;
				CLANG_WARN_EMPTY_BODY = YES;
				CLANG_WARN_ENUM_CONVERSION = YES;
				CLANG_WARN_INFINITE_RECURSION = YES;
				CLANG_WARN_INT_CONVERSION = YES;
				CLANG_WARN_NON_LITERAL_NULL_CONVERSION = YES;
				CLANG_WARN_OBJC_IMPLICIT_RETAIN_SELF = YES;
				CLANG_WARN_OBJC_LITERAL_CONVERSION = YES;
				CLANG_WARN_OBJC_ROOT_CLASS = YES_ERROR;
				CLANG_WARN_RANGE_LOOP_ANALYSIS = YES;
				CLANG_WARN_STRICT_PROTOTYPES = YES;
				CLANG_WARN_SUSPICIOUS_MOVE = YES;
				CLANG_WARN_UNGUARDED_AVAILABILITY = YES_AGGRESSIVE;
				CLANG_WARN_UNREACHABLE_CODE = YES;
				CLANG_WARN__DUPLICATE_METHOD_MATCH = YES;
				CODE_SIGN_IDENTITY = "iPhone Developer";
				COPY_PHASE_STRIP = NO;
				DEBUG_INFORMATION_FORMAT = "dwarf-with-dsym";
				ENABLE_NS_ASSERTIONS = NO;
				ENABLE_STRICT_OBJC_MSGSEND = YES;
				GCC_C_LANGUAGE_STANDARD = gnu11;
				GCC_NO_COMMON_BLOCKS = YES;
				GCC_WARN_64_TO_32_BIT_CONVERSION = YES;
				GCC_WARN_ABOUT_RETURN_TYPE = YES_ERROR;
				GCC_WARN_UNDECLARED_SELECTOR = YES;
				GCC_WARN_UNINITIALIZED_AUTOS = YES_AGGRESSIVE;
				GCC_WARN_UNUSED_FUNCTION = YES;
				GCC_WARN_UNUSED_VARIABLE = YES;
				IPHONEOS_DEPLOYMENT_TARGET = 12.1;
				MTL_ENABLE_DEBUG_INFO = NO;
				MTL_FAST_MATH = YES;
				SDKROOT = iphoneos;
				SWIFT_COMPILATION_MODE = wholemodule;
				SWIFT_OPTIMIZATION_LEVEL = "-O";
				VALIDATE_PRODUCT = YES;
			};
			name = Release;
		};
		F4E866A521E69997001069DE /* Debug */ = {
			isa = XCBuildConfiguration;
			buildSettings = {
				ASSETCATALOG_COMPILER_APPICON_NAME = AppIcon;
				CODE_SIGN_STYLE = Automatic;
				DEVELOPMENT_TEAM = 66DR9CK4L3;
				INFOPLIST_FILE = accelerometron/Info.plist;
				LD_RUNPATH_SEARCH_PATHS = (
					"$(inherited)",
					"@executable_path/Frameworks",
				);
				PRODUCT_BUNDLE_IDENTIFIER = com.simonlovelock.accelerometron;
				PRODUCT_NAME = "$(TARGET_NAME)";
				SWIFT_VERSION = 4.2;
				TARGETED_DEVICE_FAMILY = "1,2";
			};
			name = Debug;
		};
		F4E866A621E69997001069DE /* Release */ = {
			isa = XCBuildConfiguration;
			buildSettings = {
				ASSETCATALOG_COMPILER_APPICON_NAME = AppIcon;
				CODE_SIGN_STYLE = Automatic;
				DEVELOPMENT_TEAM = 66DR9CK4L3;
				INFOPLIST_FILE = accelerometron/Info.plist;
				LD_RUNPATH_SEARCH_PATHS = (
					"$(inherited)",
					"@executable_path/Frameworks",
				);
				PRODUCT_BUNDLE_IDENTIFIER = com.simonlovelock.accelerometron;
				PRODUCT_NAME = "$(TARGET_NAME)";
				SWIFT_VERSION = 4.2;
				TARGETED_DEVICE_FAMILY = "1,2";
			};
			name = Release;
		};
/* End XCBuildConfiguration section */

/* Begin XCConfigurationList section */
		F4E8668D21E69996001069DE /* Build configuration list for PBXProject "accelerometron" */ = {
			isa = XCConfigurationList;
			buildConfigurations = (
				F4E866A221E69997001069DE /* Debug */,
				F4E866A321E69997001069DE /* Release */,
			);
			defaultConfigurationIsVisible = 0;
			defaultConfigurationName = Release;
		};
		F4E866A421E69997001069DE /* Build configuration list for PBXNativeTarget "accelerometron" */ = {
			isa = XCConfigurationList;
			buildConfigurations = (
				F4E866A521E69997001069DE /* Debug */,
				F4E866A621E69997001069DE /* Release */,
			);
			defaultConfigurationIsVisible = 0;
			defaultConfigurationName = Release;
		};
/* End XCConfigurationList section */
	};
	rootObject = F4E8668A21E69996001069DE /* Project object */;
}
